
Microsoft Visual Studio Solution File, Format Version 12.00
# Visual Studio Version 17
VisualStudioVersion = 17.0.31903.59
MinimumVisualStudioVersion = 10.0.40219.1
Project("{2150E333-8FDC-42A3-9474-1A3956D46DE8}") = "src", "src", "{827E0CD3-B72D-47B6-A68D-7590B98EB39B}"
EndProject
Project("{FAE04EC0-301F-11D3-BF4B-00C04F79EFBC}") = "PaySafe.Domain", "src\PaySafe.Domain\PaySafe.Domain.csproj", "{3C6269DB-FDD4-410E-A376-89FE1C9B06D6}"
EndProject
Project("{FAE04EC0-301F-11D3-BF4B-00C04F79EFBC}") = "PaySafe.Application", "src\PaySafe.Application\PaySafe.Application.csproj", "{B78D9172-1748-4F9C-9463-6ECF317B2F49}"
EndProject
Project("{FAE04EC0-301F-11D3-BF4B-00C04F79EFBC}") = "PaySafe.Infrastructure", "src\PaySafe.Infrastructure\PaySafe.Infrastructure.csproj", "{8B62DCB8-2640-4B1A-850A-FC1489EC4249}"
EndProject
Project("{FAE04EC0-301F-11D3-BF4B-00C04F79EFBC}") = "PaySafe.CrossCutting", "src\PaySafe.CrossCutting\PaySafe.CrossCutting.csproj", "{B479CC3B-0641-4288-86A1-9CC3E1A92488}"
EndProject
Project("{2150E333-8FDC-42A3-9474-1A3956D46DE8}") = "Apps", "Apps", "{AD2A5A3B-A595-3E96-334A-002D08FE630C}"
EndProject
Project("{2150E333-8FDC-42A3-9474-1A3956D46DE8}") = "Tests", "Tests", "{F2A71F9B-5D33-465A-A702-920D77279786}"
EndProject
Project("{FAE04EC0-301F-11D3-BF4B-00C04F79EFBC}") = "PaySafe.API", "src\Apps\PaySafe.API\PaySafe.API.csproj", "{8F0D320F-AF16-435F-A56D-3B68066330B5}"
EndProject
Project("{FAE04EC0-301F-11D3-BF4B-00C04F79EFBC}") = "PaySafe.IoC", "src\PaySafe.IoC\PaySafe.IoC.csproj", "{0921321B-55AD-4688-8110-64954EC9DB55}"
EndProject
Project("{9A19103F-16F7-4668-BE54-9A1E7A4F7556}") = "PaySafe.Domain.Tests", "src\Apps\tests\PaySafe.Domain.Tests\PaySafe.Domain.Tests.csproj", "{8BC9CEB8-8B4A-11D0-8D11-00A0C91BC942}"
EndProject
Global
	GlobalSection(SolutionConfigurationPlatforms) = preSolution
		Debug|Any CPU = Debug|Any CPU
		Debug|x64 = Debug|x64
		Debug|x86 = Debug|x86
		Release|Any CPU = Release|Any CPU
		Release|x64 = Release|x64
		Release|x86 = Release|x86
	EndGlobalSection
	GlobalSection(ProjectConfigurationPlatforms) = postSolution
		{3C6269DB-FDD4-410E-A376-89FE1C9B06D6}.Debug|Any CPU.ActiveCfg = Debug|Any CPU
		{3C6269DB-FDD4-410E-A376-89FE1C9B06D6}.Debug|Any CPU.Build.0 = Debug|Any CPU
		{3C6269DB-FDD4-410E-A376-89FE1C9B06D6}.Debug|x64.ActiveCfg = Debug|Any CPU
		{3C6269DB-FDD4-410E-A376-89FE1C9B06D6}.Debug|x64.Build.0 = Debug|Any CPU
		{3C6269DB-FDD4-410E-A376-89FE1C9B06D6}.Debug|x86.ActiveCfg = Debug|Any CPU
		{3C6269DB-FDD4-410E-A376-89FE1C9B06D6}.Debug|x86.Build.0 = Debug|Any CPU
		{3C6269DB-FDD4-410E-A376-89FE1C9B06D6}.Release|Any CPU.ActiveCfg = Release|Any CPU
		{3C6269DB-FDD4-410E-A376-89FE1C9B06D6}.Release|Any CPU.Build.0 = Release|Any CPU
		{3C6269DB-FDD4-410E-A376-89FE1C9B06D6}.Release|x64.ActiveCfg = Release|Any CPU
		{3C6269DB-FDD4-410E-A376-89FE1C9B06D6}.Release|x64.Build.0 = Release|Any CPU
		{3C6269DB-FDD4-410E-A376-89FE1C9B06D6}.Release|x86.ActiveCfg = Release|Any CPU
		{3C6269DB-FDD4-410E-A376-89FE1C9B06D6}.Release|x86.Build.0 = Release|Any CPU
		{B78D9172-1748-4F9C-9463-6ECF317B2F49}.Debug|Any CPU.ActiveCfg = Debug|Any CPU
		{B78D9172-1748-4F9C-9463-6ECF317B2F49}.Debug|Any CPU.Build.0 = Debug|Any CPU
		{B78D9172-1748-4F9C-9463-6ECF317B2F49}.Debug|x64.ActiveCfg = Debug|Any CPU
		{B78D9172-1748-4F9C-9463-6ECF317B2F49}.Debug|x64.Build.0 = Debug|Any CPU
		{B78D9172-1748-4F9C-9463-6ECF317B2F49}.Debug|x86.ActiveCfg = Debug|Any CPU
		{B78D9172-1748-4F9C-9463-6ECF317B2F49}.Debug|x86.Build.0 = Debug|Any CPU
		{B78D9172-1748-4F9C-9463-6ECF317B2F49}.Release|Any CPU.ActiveCfg = Release|Any CPU
		{B78D9172-1748-4F9C-9463-6ECF317B2F49}.Release|Any CPU.Build.0 = Release|Any CPU
		{B78D9172-1748-4F9C-9463-6ECF317B2F49}.Release|x64.ActiveCfg = Release|Any CPU
		{B78D9172-1748-4F9C-9463-6ECF317B2F49}.Release|x64.Build.0 = Release|Any CPU
		{B78D9172-1748-4F9C-9463-6ECF317B2F49}.Release|x86.ActiveCfg = Release|Any CPU
		{B78D9172-1748-4F9C-9463-6ECF317B2F49}.Release|x86.Build.0 = Release|Any CPU
		{8B62DCB8-2640-4B1A-850A-FC1489EC4249}.Debug|Any CPU.ActiveCfg = Debug|Any CPU
		{8B62DCB8-2640-4B1A-850A-FC1489EC4249}.Debug|Any CPU.Build.0 = Debug|Any CPU
		{8B62DCB8-2640-4B1A-850A-FC1489EC4249}.Debug|x64.ActiveCfg = Debug|Any CPU
		{8B62DCB8-2640-4B1A-850A-FC1489EC4249}.Debug|x64.Build.0 = Debug|Any CPU
		{8B62DCB8-2640-4B1A-850A-FC1489EC4249}.Debug|x86.ActiveCfg = Debug|Any CPU
		{8B62DCB8-2640-4B1A-850A-FC1489EC4249}.Debug|x86.Build.0 = Debug|Any CPU
		{8B62DCB8-2640-4B1A-850A-FC1489EC4249}.Release|Any CPU.ActiveCfg = Release|Any CPU
		{8B62DCB8-2640-4B1A-850A-FC1489EC4249}.Release|Any CPU.Build.0 = Release|Any CPU
		{8B62DCB8-2640-4B1A-850A-FC1489EC4249}.Release|x64.ActiveCfg = Release|Any CPU
		{8B62DCB8-2640-4B1A-850A-FC1489EC4249}.Release|x64.Build.0 = Release|Any CPU
		{8B62DCB8-2640-4B1A-850A-FC1489EC4249}.Release|x86.ActiveCfg = Release|Any CPU
		{8B62DCB8-2640-4B1A-850A-FC1489EC4249}.Release|x86.Build.0 = Release|Any CPU
		{B479CC3B-0641-4288-86A1-9CC3E1A92488}.Debug|Any CPU.ActiveCfg = Debug|Any CPU
		{B479CC3B-0641-4288-86A1-9CC3E1A92488}.Debug|Any CPU.Build.0 = Debug|Any CPU
		{B479CC3B-0641-4288-86A1-9CC3E1A92488}.Debug|x64.ActiveCfg = Debug|Any CPU
		{B479CC3B-0641-4288-86A1-9CC3E1A92488}.Debug|x64.Build.0 = Debug|Any CPU
		{B479CC3B-0641-4288-86A1-9CC3E1A92488}.Debug|x86.ActiveCfg = Debug|Any CPU
		{B479CC3B-0641-4288-86A1-9CC3E1A92488}.Debug|x86.Build.0 = Debug|Any CPU
		{B479CC3B-0641-4288-86A1-9CC3E1A92488}.Release|Any CPU.ActiveCfg = Release|Any CPU
		{B479CC3B-0641-4288-86A1-9CC3E1A92488}.Release|Any CPU.Build.0 = Release|Any CPU
		{B479CC3B-0641-4288-86A1-9CC3E1A92488}.Release|x64.ActiveCfg = Release|Any CPU
		{B479CC3B-0641-4288-86A1-9CC3E1A92488}.Release|x64.Build.0 = Release|Any CPU
		{B479CC3B-0641-4288-86A1-9CC3E1A92488}.Release|x86.ActiveCfg = Release|Any CPU
		{B479CC3B-0641-4288-86A1-9CC3E1A92488}.Release|x86.Build.0 = Release|Any CPU
		{8F0D320F-AF16-435F-A56D-3B68066330B5}.Debug|Any CPU.ActiveCfg = Debug|Any CPU
		{8F0D320F-AF16-435F-A56D-3B68066330B5}.Debug|Any CPU.Build.0 = Debug|Any CPU
		{8F0D320F-AF16-435F-A56D-3B68066330B5}.Debug|x64.ActiveCfg = Debug|Any CPU
		{8F0D320F-AF16-435F-A56D-3B68066330B5}.Debug|x64.Build.0 = Debug|Any CPU
		{8F0D320F-AF16-435F-A56D-3B68066330B5}.Debug|x86.ActiveCfg = Debug|Any CPU
		{8F0D320F-AF16-435F-A56D-3B68066330B5}.Debug|x86.Build.0 = Debug|Any CPU
		{8F0D320F-AF16-435F-A56D-3B68066330B5}.Release|Any CPU.ActiveCfg = Release|Any CPU
		{8F0D320F-AF16-435F-A56D-3B68066330B5}.Release|Any CPU.Build.0 = Release|Any CPU
		{8F0D320F-AF16-435F-A56D-3B68066330B5}.Release|x64.ActiveCfg = Release|Any CPU
		{8F0D320F-AF16-435F-A56D-3B68066330B5}.Release|x64.Build.0 = Release|Any CPU
		{8F0D320F-AF16-435F-A56D-3B68066330B5}.Release|x86.ActiveCfg = Release|Any CPU
		{8F0D320F-AF16-435F-A56D-3B68066330B5}.Release|x86.Build.0 = Release|Any CPU
		{0921321B-55AD-4688-8110-64954EC9DB55}.Debug|Any CPU.ActiveCfg = Debug|Any CPU
		{0921321B-55AD-4688-8110-64954EC9DB55}.Debug|Any CPU.Build.0 = Debug|Any CPU
		{0921321B-55AD-4688-8110-64954EC9DB55}.Debug|x64.ActiveCfg = Debug|Any CPU
		{0921321B-55AD-4688-8110-64954EC9DB55}.Debug|x64.Build.0 = Debug|Any CPU
		{0921321B-55AD-4688-8110-64954EC9DB55}.Debug|x86.ActiveCfg = Debug|Any CPU
		{0921321B-55AD-4688-8110-64954EC9DB55}.Debug|x86.Build.0 = Debug|Any CPU
		{0921321B-55AD-4688-8110-64954EC9DB55}.Release|Any CPU.ActiveCfg = Release|Any CPU
		{0921321B-55AD-4688-8110-64954EC9DB55}.Release|Any CPU.Build.0 = Release|Any CPU
		{0921321B-55AD-4688-8110-64954EC9DB55}.Release|x64.ActiveCfg = Release|Any CPU
		{0921321B-55AD-4688-8110-64954EC9DB55}.Release|x64.Build.0 = Release|Any CPU
		{0921321B-55AD-4688-8110-64954EC9DB55}.Release|x86.ActiveCfg = Release|Any CPU
		{0921321B-55AD-4688-8110-64954EC9DB55}.Release|x86.Build.0 = Release|Any CPU
		{8BC9CEB8-8B4A-11D0-8D11-00A0C91BC942}.Debug|Any CPU.ActiveCfg = Debug|Any CPU
		{8BC9CEB8-8B4A-11D0-8D11-00A0C91BC942}.Debug|Any CPU.Build.0 = Debug|Any CPU
		{8BC9CEB8-8B4A-11D0-8D11-00A0C91BC942}.Debug|x64.ActiveCfg = Debug|Any CPU
		{8BC9CEB8-8B4A-11D0-8D11-00A0C91BC942}.Debug|x64.Build.0 = Debug|Any CPU
		{8BC9CEB8-8B4A-11D0-8D11-00A0C91BC942}.Debug|x86.ActiveCfg = Debug|Any CPU
		{8BC9CEB8-8B4A-11D0-8D11-00A0C91BC942}.Debug|x86.Build.0 = Debug|Any CPU
		{8BC9CEB8-8B4A-11D0-8D11-00A0C91BC942}.Release|Any CPU.ActiveCfg = Release|Any CPU
		{8BC9CEB8-8B4A-11D0-8D11-00A0C91BC942}.Release|Any CPU.Build.0 = Release|Any CPU
		{8BC9CEB8-8B4A-11D0-8D11-00A0C91BC942}.Release|x64.ActiveCfg = Release|Any CPU
		{8BC9CEB8-8B4A-11D0-8D11-00A0C91BC942}.Release|x64.Build.0 = Release|Any CPU
		{8BC9CEB8-8B4A-11D0-8D11-00A0C91BC942}.Release|x86.ActiveCfg = Release|Any CPU
		{8BC9CEB8-8B4A-11D0-8D11-00A0C91BC942}.Release|x86.Build.0 = Release|Any CPU
	EndGlobalSection
	GlobalSection(SolutionProperties) = preSolution
		HideSolutionNode = FALSE
	EndGlobalSection
	GlobalSection(NestedProjects) = preSolution
		{3C6269DB-FDD4-410E-A376-89FE1C9B06D6} = {827E0CD3-B72D-47B6-A68D-7590B98EB39B}
		{B78D9172-1748-4F9C-9463-6ECF317B2F49} = {827E0CD3-B72D-47B6-A68D-7590B98EB39B}
		{8B62DCB8-2640-4B1A-850A-FC1489EC4249} = {827E0CD3-B72D-47B6-A68D-7590B98EB39B}
		{B479CC3B-0641-4288-86A1-9CC3E1A92488} = {827E0CD3-B72D-47B6-A68D-7590B98EB39B}
		{AD2A5A3B-A595-3E96-334A-002D08FE630C} = {827E0CD3-B72D-47B6-A68D-7590B98EB39B}
		{F2A71F9B-5D33-465A-A702-920D77279786} = {827E0CD3-B72D-47B6-A68D-7590B98EB39B}
		{8F0D320F-AF16-435F-A56D-3B68066330B5} = {AD2A5A3B-A595-3E96-334A-002D08FE630C}
		{0921321B-55AD-4688-8110-64954EC9DB55} = {827E0CD3-B72D-47B6-A68D-7590B98EB39B}
		{8BC9CEB8-8B4A-11D0-8D11-00A0C91BC942} = {F2A71F9B-5D33-465A-A702-920D77279786}
	EndGlobalSection
	GlobalSection(ExtensibilityGlobals) = postSolution
		SolutionGuid = {44B029D2-A8A3-4268-BDB8-956992DB96A7}
	EndGlobalSection
EndGlobal
